// !$*UTF8*$!
{
	archiveVersion = 1;
	classes = {
	};
	objectVersion = 42;
	objects = {

/* Begin PBXBuildFile section */
		49332E560BF62A4C001B7BD0 /* i8kfan-24.png in Resources */ = {isa = PBXBuildFile; fileRef = 49332E550BF62A4C001B7BD0 /* i8kfan-24.png */; };
		495547620BF23FE20038D817 /* i8kfan.c in Sources */ = {isa = PBXBuildFile; fileRef = 495547610BF23FE20038D817 /* i8kfan.c */; };
		495547630BF23FE20038D817 /* i8kfan.c in Sources */ = {isa = PBXBuildFile; fileRef = 495547610BF23FE20038D817 /* i8kfan.c */; };
		4955477E0BF245800038D817 /* I8kfanDaemon.m in Sources */ = {isa = PBXBuildFile; fileRef = 495547530BF23CD00038D817 /* I8kfanDaemon.m */; };
		495548040BF245E20038D817 /* Foundation.framework in Frameworks */ = {isa = PBXBuildFile; fileRef = 29B97325FDCFA39411CA2CEA /* Foundation.framework */; };
		495548280BF247680038D817 /* daemon.m in Sources */ = {isa = PBXBuildFile; fileRef = 495548270BF247680038D817 /* daemon.m */; };
		495548410BF248A00038D817 /* KeyChain.m in Sources */ = {isa = PBXBuildFile; fileRef = 495548400BF248A00038D817 /* KeyChain.m */; };
		4955486A0BF24D780038D817 /* I8kfanGUI.m in Sources */ = {isa = PBXBuildFile; fileRef = 495548690BF24D780038D817 /* I8kfanGUI.m */; };
		495549CC0BF28E640038D817 /* Security.framework in Frameworks */ = {isa = PBXBuildFile; fileRef = 495548F50BF262C00038D817 /* Security.framework */; };
		4959C83E0BF3EE6B00E2323E /* I8kfanGUI.icns in Resources */ = {isa = PBXBuildFile; fileRef = 4959C83D0BF3EE6B00E2323E /* I8kfanGUI.icns */; };
		49C374F20BF523A2005801CC /* I8kfanGUI_system.icns in Resources */ = {isa = PBXBuildFile; fileRef = 49C374F10BF523A2005801CC /* I8kfanGUI_system.icns */; };
		8D11072A0486CEB800E47090 /* MainMenu.nib in Resources */ = {isa = PBXBuildFile; fileRef = 29B97318FDCFA39411CA2CEA /* MainMenu.nib */; };
		8D11072B0486CEB800E47090 /* InfoPlist.strings in Resources */ = {isa = PBXBuildFile; fileRef = 089C165CFE840E0CC02AAC07 /* InfoPlist.strings */; };
		8D11072D0486CEB800E47090 /* main.m in Sources */ = {isa = PBXBuildFile; fileRef = 29B97316FDCFA39411CA2CEA /* main.m */; settings = {ATTRIBUTES = (); }; };
		8D11072F0486CEB800E47090 /* Cocoa.framework in Frameworks */ = {isa = PBXBuildFile; fileRef = 1058C7A1FEA54F0111CA2CBB /* Cocoa.framework */; };
/* End PBXBuildFile section */

/* Begin PBXFileReference section */
		089C165DFE840E0CC02AAC07 /* English */ = {isa = PBXFileReference; fileEncoding = 10; lastKnownFileType = text.plist.strings; name = English; path = English.lproj/InfoPlist.strings; sourceTree = "<group>"; };
		1058C7A1FEA54F0111CA2CBB /* Cocoa.framework */ = {isa = PBXFileReference; lastKnownFileType = wrapper.framework; name = Cocoa.framework; path = /System/Library/Frameworks/Cocoa.framework; sourceTree = "<absolute>"; };
		13E42FB307B3F0F600E4EEF1 /* CoreData.framework */ = {isa = PBXFileReference; lastKnownFileType = wrapper.framework; name = CoreData.framework; path = /System/Library/Frameworks/CoreData.framework; sourceTree = "<absolute>"; };
		29B97316FDCFA39411CA2CEA /* main.m */ = {isa = PBXFileReference; fileEncoding = 4; lastKnownFileType = sourcecode.c.objc; path = main.m; sourceTree = "<group>"; };
		29B97319FDCFA39411CA2CEA /* English */ = {isa = PBXFileReference; lastKnownFileType = wrapper.nib; name = English; path = English.lproj/MainMenu.nib; sourceTree = "<group>"; };
		29B97324FDCFA39411CA2CEA /* AppKit.framework */ = {isa = PBXFileReference; lastKnownFileType = wrapper.framework; name = AppKit.framework; path = /System/Library/Frameworks/AppKit.framework; sourceTree = "<absolute>"; };
		29B97325FDCFA39411CA2CEA /* Foundation.framework */ = {isa = PBXFileReference; lastKnownFileType = wrapper.framework; name = Foundation.framework; path = /System/Library/Frameworks/Foundation.framework; sourceTree = "<absolute>"; };
		32CA4F630368D1EE00C91783 /* I8kfanGUI_Prefix.pch */ = {isa = PBXFileReference; fileEncoding = 4; lastKnownFileType = sourcecode.c.h; path = I8kfanGUI_Prefix.pch; sourceTree = "<group>"; };
		49332E550BF62A4C001B7BD0 /* i8kfan-24.png */ = {isa = PBXFileReference; lastKnownFileType = image.png; name = "i8kfan-24.png"; path = "/Volumes/Untitled/i8kfan-24.png"; sourceTree = "<absolute>"; };
		495547500BF23CB30038D817 /* I8kfanDaemon */ = {isa = PBXFileReference; explicitFileType = "compiled.mach-o.executable"; includeInIndex = 0; path = I8kfanDaemon; sourceTree = BUILT_PRODUCTS_DIR; };
		495547520BF23CD00038D817 /* I8kfanDaemon.h */ = {isa = PBXFileReference; fileEncoding = 4; lastKnownFileType = sourcecode.c.h; path = I8kfanDaemon.h; sourceTree = "<group>"; };
		495547530BF23CD00038D817 /* I8kfanDaemon.m */ = {isa = PBXFileReference; fileEncoding = 4; lastKnownFileType = sourcecode.c.objc; path = I8kfanDaemon.m; sourceTree = "<group>"; };
		4955475C0BF23D8F0038D817 /* I8kfanProtocol.h */ = {isa = PBXFileReference; fileEncoding = 4; lastKnownFileType = sourcecode.c.h; path = I8kfanProtocol.h; sourceTree = "<group>"; };
		495547600BF23FE20038D817 /* i8kfan.h */ = {isa = PBXFileReference; fileEncoding = 4; lastKnownFileType = sourcecode.c.h; path = i8kfan.h; sourceTree = "<group>"; };
		495547610BF23FE20038D817 /* i8kfan.c */ = {isa = PBXFileReference; fileEncoding = 4; lastKnownFileType = sourcecode.c.c; path = i8kfan.c; sourceTree = "<group>"; };
		495548270BF247680038D817 /* daemon.m */ = {isa = PBXFileReference; fileEncoding = 4; lastKnownFileType = sourcecode.c.objc; path = daemon.m; sourceTree = "<group>"; };
		4955483D0BF2488B0038D817 /* KeyChain.h */ = {isa = PBXFileReference; fileEncoding = 4; lastKnownFileType = sourcecode.c.h; path = KeyChain.h; sourceTree = "<group>"; };
		495548400BF248A00038D817 /* KeyChain.m */ = {isa = PBXFileReference; fileEncoding = 4; lastKnownFileType = sourcecode.c.objc; path = KeyChain.m; sourceTree = "<group>"; };
		495548680BF24D780038D817 /* I8kfanGUI.h */ = {isa = PBXFileReference; fileEncoding = 4; lastKnownFileType = sourcecode.c.h; path = I8kfanGUI.h; sourceTree = "<group>"; };
		495548690BF24D780038D817 /* I8kfanGUI.m */ = {isa = PBXFileReference; fileEncoding = 4; lastKnownFileType = sourcecode.c.objc; path = I8kfanGUI.m; sourceTree = "<group>"; };
		495548F50BF262C00038D817 /* Security.framework */ = {isa = PBXFileReference; lastKnownFileType = wrapper.framework; name = Security.framework; path = /System/Library/Frameworks/Security.framework; sourceTree = "<absolute>"; };
		4959C83D0BF3EE6B00E2323E /* I8kfanGUI.icns */ = {isa = PBXFileReference; lastKnownFileType = image.icns; path = I8kfanGUI.icns; sourceTree = "<group>"; };
		49C374F10BF523A2005801CC /* I8kfanGUI_system.icns */ = {isa = PBXFileReference; lastKnownFileType = image.icns; path = I8kfanGUI_system.icns; sourceTree = "<group>"; };
		8D1107310486CEB800E47090 /* Info.plist */ = {isa = PBXFileReference; fileEncoding = 4; lastKnownFileType = text.plist; path = Info.plist; sourceTree = "<group>"; };
		8D1107320486CEB800E47090 /* I8kfanGUI.app */ = {isa = PBXFileReference; explicitFileType = wrapper.application; includeInIndex = 0; path = I8kfanGUI.app; sourceTree = BUILT_PRODUCTS_DIR; };
/* End PBXFileReference section */

/* Begin PBXFrameworksBuildPhase section */
		4955474E0BF23CB30038D817 /* Frameworks */ = {
			isa = PBXFrameworksBuildPhase;
			buildActionMask = 2147483647;
			files = (
				495548040BF245E20038D817 /* Foundation.framework in Frameworks */,
			);
			runOnlyForDeploymentPostprocessing = 0;
		};
		8D11072E0486CEB800E47090 /* Frameworks */ = {
			isa = PBXFrameworksBuildPhase;
			buildActionMask = 2147483647;
			files = (
				495549CC0BF28E640038D817 /* Security.framework in Frameworks */,
				8D11072F0486CEB800E47090 /* Cocoa.framework in Frameworks */,
			);
			runOnlyForDeploymentPostprocessing = 0;
		};
/* End PBXFrameworksBuildPhase section */

/* Begin PBXGroup section */
		080E96DDFE201D6D7F000001 /* Classes */ = {
			isa = PBXGroup;
			children = (
			);
			name = Classes;
			sourceTree = "<group>";
		};
		1058C7A0FEA54F0111CA2CBB /* Linked Frameworks */ = {
			isa = PBXGroup;
			children = (
				1058C7A1FEA54F0111CA2CBB /* Cocoa.framework */,
			);
			name = "Linked Frameworks";
			sourceTree = "<group>";
		};
		1058C7A2FEA54F0111CA2CBB /* Other Frameworks */ = {
			isa = PBXGroup;
			children = (
				495548F50BF262C00038D817 /* Security.framework */,
				29B97324FDCFA39411CA2CEA /* AppKit.framework */,
				13E42FB307B3F0F600E4EEF1 /* CoreData.framework */,
				29B97325FDCFA39411CA2CEA /* Foundation.framework */,
			);
			name = "Other Frameworks";
			sourceTree = "<group>";
		};
		19C28FACFE9D520D11CA2CBB /* Products */ = {
			isa = PBXGroup;
			children = (
				8D1107320486CEB800E47090 /* I8kfanGUI.app */,
				495547500BF23CB30038D817 /* I8kfanDaemon */,
			);
			name = Products;
			sourceTree = "<group>";
		};
		29B97314FDCFA39411CA2CEA /* I8kfanGUI */ = {
			isa = PBXGroup;
			children = (
				080E96DDFE201D6D7F000001 /* Classes */,
				29B97315FDCFA39411CA2CEA /* Other Sources */,
				29B97317FDCFA39411CA2CEA /* Resources */,
				29B97323FDCFA39411CA2CEA /* Frameworks */,
				19C28FACFE9D520D11CA2CBB /* Products */,
			);
			name = I8kfanGUI;
			sourceTree = "<group>";
		};
		29B97315FDCFA39411CA2CEA /* Other Sources */ = {
			isa = PBXGroup;
			children = (
				495547520BF23CD00038D817 /* I8kfanDaemon.h */,
				495547530BF23CD00038D817 /* I8kfanDaemon.m */,
				4955475C0BF23D8F0038D817 /* I8kfanProtocol.h */,
				495547600BF23FE20038D817 /* i8kfan.h */,
				495547610BF23FE20038D817 /* i8kfan.c */,
				495548270BF247680038D817 /* daemon.m */,
				4955483D0BF2488B0038D817 /* KeyChain.h */,
				495548400BF248A00038D817 /* KeyChain.m */,
				495548680BF24D780038D817 /* I8kfanGUI.h */,
				495548690BF24D780038D817 /* I8kfanGUI.m */,
				32CA4F630368D1EE00C91783 /* I8kfanGUI_Prefix.pch */,
				29B97316FDCFA39411CA2CEA /* main.m */,
			);
			name = "Other Sources";
			sourceTree = "<group>";
		};
		29B97317FDCFA39411CA2CEA /* Resources */ = {
			isa = PBXGroup;
			children = (
				8D1107310486CEB800E47090 /* Info.plist */,
				089C165CFE840E0CC02AAC07 /* InfoPlist.strings */,
				29B97318FDCFA39411CA2CEA /* MainMenu.nib */,
				4959C83D0BF3EE6B00E2323E /* I8kfanGUI.icns */,
				49C374F10BF523A2005801CC /* I8kfanGUI_system.icns */,
				49332E550BF62A4C001B7BD0 /* i8kfan-24.png */,
			);
			name = Resources;
			sourceTree = "<group>";
		};
		29B97323FDCFA39411CA2CEA /* Frameworks */ = {
			isa = PBXGroup;
			children = (
				1058C7A0FEA54F0111CA2CBB /* Linked Frameworks */,
				1058C7A2FEA54F0111CA2CBB /* Other Frameworks */,
			);
			name = Frameworks;
			sourceTree = "<group>";
		};
/* End PBXGroup section */

/* Begin PBXNativeTarget section */
		4955474F0BF23CB30038D817 /* I8kfanDaemon */ = {
			isa = PBXNativeTarget;
			buildConfigurationList = 495547550BF23CD10038D817 /* Build configuration list for PBXNativeTarget "I8kfanDaemon" */;
			buildPhases = (
				4955474D0BF23CB30038D817 /* Sources */,
				4955474E0BF23CB30038D817 /* Frameworks */,
			);
			buildRules = (
			);
			dependencies = (
			);
			name = I8kfanDaemon;
			productName = I8kfanDaemon;
			productReference = 495547500BF23CB30038D817 /* I8kfanDaemon */;
			productType = "com.apple.product-type.tool";
		};
		8D1107260486CEB800E47090 /* I8kfanGUI */ = {
			isa = PBXNativeTarget;
			buildConfigurationList = C01FCF4A08A954540054247B /* Build configuration list for PBXNativeTarget "I8kfanGUI" */;
			buildPhases = (
				8D1107290486CEB800E47090 /* Resources */,
				8D11072C0486CEB800E47090 /* Sources */,
				8D11072E0486CEB800E47090 /* Frameworks */,
			);
			buildRules = (
			);
			dependencies = (
			);
			name = I8kfanGUI;
			productInstallPath = "$(HOME)/Applications";
			productName = I8kfanGUI;
			productReference = 8D1107320486CEB800E47090 /* I8kfanGUI.app */;
			productType = "com.apple.product-type.application";
		};
/* End PBXNativeTarget section */

/* Begin PBXProject section */
		29B97313FDCFA39411CA2CEA /* Project object */ = {
			isa = PBXProject;
			buildConfigurationList = C01FCF4E08A954540054247B /* Build configuration list for PBXProject "I8kfanGUI" */;
			hasScannedForEncodings = 1;
			mainGroup = 29B97314FDCFA39411CA2CEA /* I8kfanGUI */;
			projectDirPath = "";
			targets = (
				4955474F0BF23CB30038D817 /* I8kfanDaemon */,
				8D1107260486CEB800E47090 /* I8kfanGUI */,
			);
		};
/* End PBXProject section */

/* Begin PBXResourcesBuildPhase section */
		8D1107290486CEB800E47090 /* Resources */ = {
			isa = PBXResourcesBuildPhase;
			buildActionMask = 2147483647;
			files = (
				8D11072A0486CEB800E47090 /* MainMenu.nib in Resources */,
				8D11072B0486CEB800E47090 /* InfoPlist.strings in Resources */,
				4959C83E0BF3EE6B00E2323E /* I8kfanGUI.icns in Resources */,
				49C374F20BF523A2005801CC /* I8kfanGUI_system.icns in Resources */,
				49332E560BF62A4C001B7BD0 /* i8kfan-24.png in Resources */,
			);
			runOnlyForDeploymentPostprocessing = 0;
		};
/* End PBXResourcesBuildPhase section */

/* Begin PBXSourcesBuildPhase section */
		4955474D0BF23CB30038D817 /* Sources */ = {
			isa = PBXSourcesBuildPhase;
			buildActionMask = 2147483647;
			files = (
				4955477E0BF245800038D817 /* I8kfanDaemon.m in Sources */,
				495547630BF23FE20038D817 /* i8kfan.c in Sources */,
				495548280BF247680038D817 /* daemon.m in Sources */,
			);
			runOnlyForDeploymentPostprocessing = 0;
		};
		8D11072C0486CEB800E47090 /* Sources */ = {
			isa = PBXSourcesBuildPhase;
			buildActionMask = 2147483647;
			files = (
				495547620BF23FE20038D817 /* i8kfan.c in Sources */,
				8D11072D0486CEB800E47090 /* main.m in Sources */,
				495548410BF248A00038D817 /* KeyChain.m in Sources */,
				4955486A0BF24D780038D817 /* I8kfanGUI.m in Sources */,
			);
			runOnlyForDeploymentPostprocessing = 0;
		};
/* End PBXSourcesBuildPhase section */

/* Begin PBXVariantGroup section */
		089C165CFE840E0CC02AAC07 /* InfoPlist.strings */ = {
			isa = PBXVariantGroup;
			children = (
				089C165DFE840E0CC02AAC07 /* English */,
			);
			name = InfoPlist.strings;
			sourceTree = "<group>";
		};
		29B97318FDCFA39411CA2CEA /* MainMenu.nib */ = {
			isa = PBXVariantGroup;
			children = (
				29B97319FDCFA39411CA2CEA /* English */,
			);
			name = MainMenu.nib;
			sourceTree = "<group>";
		};
/* End PBXVariantGroup section */

/* Begin XCBuildConfiguration section */
		495547560BF23CD10038D817 /* Debug */ = {
			isa = XCBuildConfiguration;
			buildSettings = {
				COPY_PHASE_STRIP = NO;
				GCC_DYNAMIC_NO_PIC = NO;
				GCC_ENABLE_FIX_AND_CONTINUE = YES;
				GCC_GENERATE_DEBUGGING_SYMBOLS = YES;
				GCC_INPUT_FILETYPE = sourcecode.c.objc;
				GCC_MODEL_TUNING = G5;
				GCC_OPTIMIZATION_LEVEL = 0;
				GCC_PRECOMPILE_PREFIX_HEADER = YES;
				GCC_PREFIX_HEADER = "$(SYSTEM_LIBRARY_DIR)/Frameworks/AppKit.framework/Headers/AppKit.h";
				INSTALL_PATH = "$(HOME)/bin";
				OTHER_LDFLAGS = (
					"-framework",
					Foundation,
					"-framework",
					AppKit,
				);
				PREBINDING = NO;
				PRODUCT_NAME = I8kfanDaemon;
				ZERO_LINK = YES;
			};
			name = Debug;
		};
		495547570BF23CD10038D817 /* Release */ = {
			isa = XCBuildConfiguration;
			buildSettings = {
				COPY_PHASE_STRIP = YES;
				GCC_ENABLE_FIX_AND_CONTINUE = NO;
				GCC_GENERATE_DEBUGGING_SYMBOLS = NO;
				GCC_INPUT_FILETYPE = sourcecode.c.objc;
				GCC_MODEL_TUNING = G5;
				GCC_PRECOMPILE_PREFIX_HEADER = YES;
				GCC_PREFIX_HEADER = "$(SYSTEM_LIBRARY_DIR)/Frameworks/AppKit.framework/Headers/AppKit.h";
				INSTALL_PATH = "$(HOME)/bin";
				OTHER_LDFLAGS = (
					"-framework",
					Foundation,
					"-framework",
					AppKit,
				);
				PREBINDING = NO;
				PRODUCT_NAME = I8kfanDaemon;
				ZERO_LINK = NO;
			};
			name = Release;
		};
		C01FCF4B08A954540054247B /* Debug */ = {
			isa = XCBuildConfiguration;
			buildSettings = {
				COPY_PHASE_STRIP = NO;
				GCC_DYNAMIC_NO_PIC = NO;
				GCC_ENABLE_FIX_AND_CONTINUE = YES;
				GCC_MODEL_TUNING = G5;
				GCC_OPTIMIZATION_LEVEL = 0;
				INFOPLIST_FILE = Info.plist;
				INSTALL_PATH = "$(HOME)/Applications";
				PRODUCT_NAME = I8kfanGUI;
				WRAPPER_EXTENSION = app;
				ZERO_LINK = YES;
			};
			name = Debug;
		};
		C01FCF4C08A954540054247B /* Release */ = {
			isa = XCBuildConfiguration;
			buildSettings = {
				ARCHS = (
					ppc,
					i386,
				);
				GCC_GENERATE_DEBUGGING_SYMBOLS = NO;
				GCC_MODEL_TUNING = G5;
				INFOPLIST_FILE = Info.plist;
				INSTALL_PATH = "$(HOME)/Applications";
				PRODUCT_NAME = I8kfanGUI;
				WRAPPER_EXTENSION = app;
			};
			name = Release;
		};
		C01FCF4F08A954540054247B /* Debug */ = {
			isa = XCBuildConfiguration;
			buildSettings = {
				GCC_WARN_ABOUT_RETURN_TYPE = YES;
				GCC_WARN_UNUSED_VARIABLE = YES;
				PREBINDING = NO;
				SDKROOT = /Developer/SDKs/MacOSX10.4u.sdk;
			};
			name = Debug;
		};
		C01FCF5008A954540054247B /* Release */ = {
			isa = XCBuildConfiguration;
			buildSettings = {
				GCC_WARN_ABOUT_RETURN_TYPE = YES;
				GCC_WARN_UNUSED_VARIABLE = YES;
				PREBINDING = NO;
				SDKROOT = /Developer/SDKs/MacOSX10.4u.sdk;
			};
			name = Release;
		};
/* End XCBuildConfiguration section */

/* Begin XCConfigurationList section */
		495547550BF23CD10038D817 /* Build configuration list for PBXNativeTarget "I8kfanDaemon" */ = {
			isa = XCConfigurationList;
			buildConfigurations = (
				495547560BF23CD10038D817 /* Debug */,
				495547570BF23CD10038D817 /* Release */,
			);
			defaultConfigurationIsVisible = 0;
			defaultConfigurationName = Release;
		};
		C01FCF4A08A954540054247B /* Build configuration list for PBXNativeTarget "I8kfanGUI" */ = {
			isa = XCConfigurationList;
			buildConfigurations = (
				C01FCF4B08A954540054247B /* Debug */,
				C01FCF4C08A954540054247B /* Release */,
			);
			defaultConfigurationIsVisible = 0;
			defaultConfigurationName = Release;
		};
		C01FCF4E08A954540054247B /* Build configuration list for PBXProject "I8kfanGUI" */ = {
			isa = XCConfigurationList;
			buildConfigurations = (
				C01FCF4F08A954540054247B /* Debug */,
				C01FCF5008A954540054247B /* Release */,
			);
			defaultConfigurationIsVisible = 0;
			defaultConfigurationName = Release;
		};
/* End XCConfigurationList section */
	};
	rootObject = 29B97313FDCFA39411CA2CEA /* Project object */;
}
